
Microsoft Visual Studio Solution File, Format Version 12.00
# Visual Studio Version 16
VisualStudioVersion = 16.0.31313.79
MinimumVisualStudioVersion = 10.0.40219.1
Project("{9A19103F-16F7-4668-BE54-9A1E7A4F7556}") = "VerifySegSignature", "VerifySegSignature\VerifySegSignature.csproj", "{2D3BA47B-C749-44E6-BFC9-55E240DD62A8}"
EndProject
Global
	GlobalSection(SolutionConfigurationPlatforms) = preSolution
		Debug|Any CPU = Debug|Any CPU
		Release|Any CPU = Release|Any CPU
	EndGlobalSection
	GlobalSection(ProjectConfigurationPlatforms) = postSolution
		{2D3BA47B-C749-44E6-BFC9-55E240DD62A8}.Debug|Any CPU.ActiveCfg = Debug|Any CPU
		{2D3BA47B-C749-44E6-BFC9-55E240DD62A8}.Debug|Any CPU.Build.0 = Debug|Any CPU
		{2D3BA47B-C749-44E6-BFC9-55E240DD62A8}.Release|Any CPU.ActiveCfg = Release|Any CPU
		{2D3BA47B-C749-44E6-BFC9-55E240DD62A8}.Release|Any CPU.Build.0 = Release|Any CPU
	EndGlobalSection
	GlobalSection(SolutionProperties) = preSolution
		HideSolutionNode = FALSE
	EndGlobalSection
	GlobalSection(ExtensibilityGlobals) = postSolution
		SolutionGuid = {A9082491-6D29-4662-A60C-C46C0B424713}
	EndGlobalSection
EndGlobal
